
Microsoft Visual Studio Solution File, Format Version 12.00
# Visual Studio 15
VisualStudioVersion = 15.0.28307.421
MinimumVisualStudioVersion = 10.0.40219.1
Project("{8BC9CEB8-8B4A-11D0-8D11-00A0C91BC942}") = "3", "3\3.vcxproj", "{5EE87966-2F51-4810-9C02-DBAB8B7D970A}"
EndProject
Global
	GlobalSection(SolutionConfigurationPlatforms) = preSolution
		Debug|x64 = Debug|x64
		Debug|x86 = Debug|x86
		Release|x64 = Release|x64
		Release|x86 = Release|x86
	EndGlobalSection
	GlobalSection(ProjectConfigurationPlatforms) = postSolution
		{5EE87966-2F51-4810-9C02-DBAB8B7D970A}.Debug|x64.ActiveCfg = Debug|x64
		{5EE87966-2F51-4810-9C02-DBAB8B7D970A}.Debug|x64.Build.0 = Debug|x64
		{5EE87966-2F51-4810-9C02-DBAB8B7D970A}.Debug|x86.ActiveCfg = Debug|Win32
		{5EE87966-2F51-4810-9C02-DBAB8B7D970A}.Debug|x86.Build.0 = Debug|Win32
		{5EE87966-2F51-4810-9C02-DBAB8B7D970A}.Release|x64.ActiveCfg = Release|x64
		{5EE87966-2F51-4810-9C02-DBAB8B7D970A}.Release|x64.Build.0 = Release|x64
		{5EE87966-2F51-4810-9C02-DBAB8B7D970A}.Release|x86.ActiveCfg = Release|Win32
		{5EE87966-2F51-4810-9C02-DBAB8B7D970A}.Release|x86.Build.0 = Release|Win32
	EndGlobalSection
	GlobalSection(SolutionProperties) = preSolution
		HideSolutionNode = FALSE
	EndGlobalSection
	GlobalSection(ExtensibilityGlobals) = postSolution
		SolutionGuid = {2E41C90F-E4C1-4E6E-AB52-2DA86FC56920}
	EndGlobalSection
EndGlobal
