
Microsoft Visual Studio Solution File, Format Version 12.00
# Visual Studio 15
VisualStudioVersion = 15.0.28307.421
MinimumVisualStudioVersion = 10.0.40219.1
Project("{8BC9CEB8-8B4A-11D0-8D11-00A0C91BC942}") = "test1", "test1\test1.vcxproj", "{65039C98-7152-4110-8FE9-6A25492155BE}"
EndProject
Global
	GlobalSection(SolutionConfigurationPlatforms) = preSolution
		Debug|x64 = Debug|x64
		Debug|x86 = Debug|x86
		Release|x64 = Release|x64
		Release|x86 = Release|x86
	EndGlobalSection
	GlobalSection(ProjectConfigurationPlatforms) = postSolution
		{65039C98-7152-4110-8FE9-6A25492155BE}.Debug|x64.ActiveCfg = Debug|x64
		{65039C98-7152-4110-8FE9-6A25492155BE}.Debug|x64.Build.0 = Debug|x64
		{65039C98-7152-4110-8FE9-6A25492155BE}.Debug|x86.ActiveCfg = Debug|Win32
		{65039C98-7152-4110-8FE9-6A25492155BE}.Debug|x86.Build.0 = Debug|Win32
		{65039C98-7152-4110-8FE9-6A25492155BE}.Release|x64.ActiveCfg = Release|x64
		{65039C98-7152-4110-8FE9-6A25492155BE}.Release|x64.Build.0 = Release|x64
		{65039C98-7152-4110-8FE9-6A25492155BE}.Release|x86.ActiveCfg = Release|Win32
		{65039C98-7152-4110-8FE9-6A25492155BE}.Release|x86.Build.0 = Release|Win32
	EndGlobalSection
	GlobalSection(SolutionProperties) = preSolution
		HideSolutionNode = FALSE
	EndGlobalSection
	GlobalSection(ExtensibilityGlobals) = postSolution
		SolutionGuid = {61B2E200-2EEA-4AC8-9490-97CAD6EB5983}
	EndGlobalSection
EndGlobal
